
Microsoft Visual Studio Solution File, Format Version 12.00
# Visual Studio 15
VisualStudioVersion = 15.0.26124.0
MinimumVisualStudioVersion = 15.0.26124.0
Project("{FAE04EC0-301F-11D3-BF4B-00C04F79EFBC}") = "Nalantis", "Nalantis\Nalantis.csproj", "{08380DBF-2F1D-4BB1-98C2-E63B22301347}"
EndProject
Project("{FAE04EC0-301F-11D3-BF4B-00C04F79EFBC}") = "NalantisTest", "NalantisTest\NalantisTest.csproj", "{B1916090-8C19-4062-84E0-FC57679BB124}"
EndProject
Project("{FAE04EC0-301F-11D3-BF4B-00C04F79EFBC}") = "NalantisUsage", "NalantisUsage\NalantisUsage.csproj", "{F75C478A-08E5-4E23-9490-9C3BC6AD667B}"
EndProject
Global
	GlobalSection(SolutionConfigurationPlatforms) = preSolution
		Debug|Any CPU = Debug|Any CPU
		Debug|x64 = Debug|x64
		Debug|x86 = Debug|x86
		Release|Any CPU = Release|Any CPU
		Release|x64 = Release|x64
		Release|x86 = Release|x86
	EndGlobalSection
	GlobalSection(SolutionProperties) = preSolution
		HideSolutionNode = FALSE
	EndGlobalSection
	GlobalSection(ProjectConfigurationPlatforms) = postSolution
		{08380DBF-2F1D-4BB1-98C2-E63B22301347}.Debug|Any CPU.ActiveCfg = Debug|Any CPU
		{08380DBF-2F1D-4BB1-98C2-E63B22301347}.Debug|Any CPU.Build.0 = Debug|Any CPU
		{08380DBF-2F1D-4BB1-98C2-E63B22301347}.Debug|x64.ActiveCfg = Debug|Any CPU
		{08380DBF-2F1D-4BB1-98C2-E63B22301347}.Debug|x64.Build.0 = Debug|Any CPU
		{08380DBF-2F1D-4BB1-98C2-E63B22301347}.Debug|x86.ActiveCfg = Debug|Any CPU
		{08380DBF-2F1D-4BB1-98C2-E63B22301347}.Debug|x86.Build.0 = Debug|Any CPU
		{08380DBF-2F1D-4BB1-98C2-E63B22301347}.Release|Any CPU.ActiveCfg = Release|Any CPU
		{08380DBF-2F1D-4BB1-98C2-E63B22301347}.Release|Any CPU.Build.0 = Release|Any CPU
		{08380DBF-2F1D-4BB1-98C2-E63B22301347}.Release|x64.ActiveCfg = Release|Any CPU
		{08380DBF-2F1D-4BB1-98C2-E63B22301347}.Release|x64.Build.0 = Release|Any CPU
		{08380DBF-2F1D-4BB1-98C2-E63B22301347}.Release|x86.ActiveCfg = Release|Any CPU
		{08380DBF-2F1D-4BB1-98C2-E63B22301347}.Release|x86.Build.0 = Release|Any CPU
		{B1916090-8C19-4062-84E0-FC57679BB124}.Debug|Any CPU.ActiveCfg = Debug|Any CPU
		{B1916090-8C19-4062-84E0-FC57679BB124}.Debug|Any CPU.Build.0 = Debug|Any CPU
		{B1916090-8C19-4062-84E0-FC57679BB124}.Debug|x64.ActiveCfg = Debug|Any CPU
		{B1916090-8C19-4062-84E0-FC57679BB124}.Debug|x64.Build.0 = Debug|Any CPU
		{B1916090-8C19-4062-84E0-FC57679BB124}.Debug|x86.ActiveCfg = Debug|Any CPU
		{B1916090-8C19-4062-84E0-FC57679BB124}.Debug|x86.Build.0 = Debug|Any CPU
		{B1916090-8C19-4062-84E0-FC57679BB124}.Release|Any CPU.ActiveCfg = Release|Any CPU
		{B1916090-8C19-4062-84E0-FC57679BB124}.Release|Any CPU.Build.0 = Release|Any CPU
		{B1916090-8C19-4062-84E0-FC57679BB124}.Release|x64.ActiveCfg = Release|Any CPU
		{B1916090-8C19-4062-84E0-FC57679BB124}.Release|x64.Build.0 = Release|Any CPU
		{B1916090-8C19-4062-84E0-FC57679BB124}.Release|x86.ActiveCfg = Release|Any CPU
		{B1916090-8C19-4062-84E0-FC57679BB124}.Release|x86.Build.0 = Release|Any CPU
		{F75C478A-08E5-4E23-9490-9C3BC6AD667B}.Debug|Any CPU.ActiveCfg = Debug|Any CPU
		{F75C478A-08E5-4E23-9490-9C3BC6AD667B}.Debug|Any CPU.Build.0 = Debug|Any CPU
		{F75C478A-08E5-4E23-9490-9C3BC6AD667B}.Debug|x64.ActiveCfg = Debug|Any CPU
		{F75C478A-08E5-4E23-9490-9C3BC6AD667B}.Debug|x64.Build.0 = Debug|Any CPU
		{F75C478A-08E5-4E23-9490-9C3BC6AD667B}.Debug|x86.ActiveCfg = Debug|Any CPU
		{F75C478A-08E5-4E23-9490-9C3BC6AD667B}.Debug|x86.Build.0 = Debug|Any CPU
		{F75C478A-08E5-4E23-9490-9C3BC6AD667B}.Release|Any CPU.ActiveCfg = Release|Any CPU
		{F75C478A-08E5-4E23-9490-9C3BC6AD667B}.Release|Any CPU.Build.0 = Release|Any CPU
		{F75C478A-08E5-4E23-9490-9C3BC6AD667B}.Release|x64.ActiveCfg = Release|Any CPU
		{F75C478A-08E5-4E23-9490-9C3BC6AD667B}.Release|x64.Build.0 = Release|Any CPU
		{F75C478A-08E5-4E23-9490-9C3BC6AD667B}.Release|x86.ActiveCfg = Release|Any CPU
		{F75C478A-08E5-4E23-9490-9C3BC6AD667B}.Release|x86.Build.0 = Release|Any CPU
	EndGlobalSection
EndGlobal
